// !$*UTF8*$!
{
	archiveVersion = 1;
	classes = {
	};
	objectVersion = 52;
	objects = {

/* Begin PBXBuildFile section */
		FAB5920125D7EA500001B1F9 /* AppDelegate.swift in Sources */ = {isa = PBXBuildFile; fileRef = FAB5920025D7EA500001B1F9 /* AppDelegate.swift */; };
		FAB5920325D7EA500001B1F9 /* SceneDelegate.swift in Sources */ = {isa = PBXBuildFile; fileRef = FAB5920225D7EA500001B1F9 /* SceneDelegate.swift */; };
		FAB5920525D7EA500001B1F9 /* NewsFeedViewController.swift in Sources */ = {isa = PBXBuildFile; fileRef = FAB5920425D7EA500001B1F9 /* NewsFeedViewController.swift */; };
		FAB5920825D7EA500001B1F9 /* Main.storyboard in Resources */ = {isa = PBXBuildFile; fileRef = FAB5920625D7EA500001B1F9 /* Main.storyboard */; };
		FAB5920A25D7EA520001B1F9 /* Assets.xcassets in Resources */ = {isa = PBXBuildFile; fileRef = FAB5920925D7EA520001B1F9 /* Assets.xcassets */; };
		FAB5920D25D7EA520001B1F9 /* LaunchScreen.storyboard in Resources */ = {isa = PBXBuildFile; fileRef = FAB5920B25D7EA520001B1F9 /* LaunchScreen.storyboard */; };
		FAB5921C25D7ED370001B1F9 /* DetailViewController.swift in Sources */ = {isa = PBXBuildFile; fileRef = FAB5921B25D7ED370001B1F9 /* DetailViewController.swift */; };
		FAB5921F25D7ED420001B1F9 /* WebViewController.swift in Sources */ = {isa = PBXBuildFile; fileRef = FAB5921E25D7ED420001B1F9 /* WebViewController.swift */; };
		FAB5922325D7EE1B0001B1F9 /* Gloss in Frameworks */ = {isa = PBXBuildFile; productRef = FAB5922225D7EE1B0001B1F9 /* Gloss */; };
		FAB5922725D7EF1F0001B1F9 /* Item.swift in Sources */ = {isa = PBXBuildFile; fileRef = FAB5922625D7EF1F0001B1F9 /* Item.swift */; };
/* End PBXBuildFile section */

/* Begin PBXFileReference section */
		FAB591FD25D7EA500001B1F9 /* LatvianNews.app */ = {isa = PBXFileReference; explicitFileType = wrapper.application; includeInIndex = 0; path = LatvianNews.app; sourceTree = BUILT_PRODUCTS_DIR; };
		FAB5920025D7EA500001B1F9 /* AppDelegate.swift */ = {isa = PBXFileReference; lastKnownFileType = sourcecode.swift; path = AppDelegate.swift; sourceTree = "<group>"; };
		FAB5920225D7EA500001B1F9 /* SceneDelegate.swift */ = {isa = PBXFileReference; lastKnownFileType = sourcecode.swift; path = SceneDelegate.swift; sourceTree = "<group>"; };
		FAB5920425D7EA500001B1F9 /* NewsFeedViewController.swift */ = {isa = PBXFileReference; lastKnownFileType = sourcecode.swift; path = NewsFeedViewController.swift; sourceTree = "<group>"; };
		FAB5920725D7EA500001B1F9 /* Base */ = {isa = PBXFileReference; lastKnownFileType = file.storyboard; name = Base; path = Base.lproj/Main.storyboard; sourceTree = "<group>"; };
		FAB5920925D7EA520001B1F9 /* Assets.xcassets */ = {isa = PBXFileReference; lastKnownFileType = folder.assetcatalog; path = Assets.xcassets; sourceTree = "<group>"; };
		FAB5920C25D7EA520001B1F9 /* Base */ = {isa = PBXFileReference; lastKnownFileType = file.storyboard; name = Base; path = Base.lproj/LaunchScreen.storyboard; sourceTree = "<group>"; };
		FAB5920E25D7EA520001B1F9 /* Info.plist */ = {isa = PBXFileReference; lastKnownFileType = text.plist.xml; path = Info.plist; sourceTree = "<group>"; };
		FAB5921B25D7ED370001B1F9 /* DetailViewController.swift */ = {isa = PBXFileReference; lastKnownFileType = sourcecode.swift; path = DetailViewController.swift; sourceTree = "<group>"; };
		FAB5921E25D7ED420001B1F9 /* WebViewController.swift */ = {isa = PBXFileReference; lastKnownFileType = sourcecode.swift; path = WebViewController.swift; sourceTree = "<group>"; };
		FAB5922625D7EF1F0001B1F9 /* Item.swift */ = {isa = PBXFileReference; lastKnownFileType = sourcecode.swift; path = Item.swift; sourceTree = "<group>"; };
/* End PBXFileReference section */

/* Begin PBXFrameworksBuildPhase section */
		FAB591FA25D7EA500001B1F9 /* Frameworks */ = {
			isa = PBXFrameworksBuildPhase;
			buildActionMask = 2147483647;
			files = (
				FAB5922325D7EE1B0001B1F9 /* Gloss in Frameworks */,
			);
			runOnlyForDeploymentPostprocessing = 0;
		};
/* End PBXFrameworksBuildPhase section */

/* Begin PBXGroup section */
		FAB591F425D7EA500001B1F9 = {
			isa = PBXGroup;
			children = (
				FAB591FF25D7EA500001B1F9 /* LatvianNews */,
				FAB591FE25D7EA500001B1F9 /* Products */,
			);
			sourceTree = "<group>";
		};
		FAB591FE25D7EA500001B1F9 /* Products */ = {
			isa = PBXGroup;
			children = (
				FAB591FD25D7EA500001B1F9 /* LatvianNews.app */,
			);
			name = Products;
			sourceTree = "<group>";
		};
		FAB591FF25D7EA500001B1F9 /* LatvianNews */ = {
			isa = PBXGroup;
			children = (
				FAB5922525D7EF0D0001B1F9 /* Model */,
				FAB5921525D7EA5E0001B1F9 /* AppDelegate */,
				FAB5921825D7EA700001B1F9 /* Controller */,
				FAB5921725D7EA680001B1F9 /* view */,
				FAB5920925D7EA520001B1F9 /* Assets.xcassets */,
				FAB5920E25D7EA520001B1F9 /* Info.plist */,
			);
			path = LatvianNews;
			sourceTree = "<group>";
		};
		FAB5921525D7EA5E0001B1F9 /* AppDelegate */ = {
			isa = PBXGroup;
			children = (
				FAB5920025D7EA500001B1F9 /* AppDelegate.swift */,
				FAB5920225D7EA500001B1F9 /* SceneDelegate.swift */,
			);
			path = AppDelegate;
			sourceTree = "<group>";
		};
		FAB5921725D7EA680001B1F9 /* view */ = {
			isa = PBXGroup;
			children = (
				FAB5920625D7EA500001B1F9 /* Main.storyboard */,
				FAB5920B25D7EA520001B1F9 /* LaunchScreen.storyboard */,
			);
			path = view;
			sourceTree = "<group>";
		};
		FAB5921825D7EA700001B1F9 /* Controller */ = {
			isa = PBXGroup;
			children = (
				FAB5920425D7EA500001B1F9 /* NewsFeedViewController.swift */,
				FAB5921E25D7ED420001B1F9 /* WebViewController.swift */,
				FAB5921B25D7ED370001B1F9 /* DetailViewController.swift */,
			);
			path = Controller;
			sourceTree = "<group>";
		};
		FAB5922525D7EF0D0001B1F9 /* Model */ = {
			isa = PBXGroup;
			children = (
				FAB5922625D7EF1F0001B1F9 /* Item.swift */,
			);
			path = Model;
			sourceTree = "<group>";
		};
/* End PBXGroup section */

/* Begin PBXNativeTarget section */
		FAB591FC25D7EA500001B1F9 /* LatvianNews */ = {
			isa = PBXNativeTarget;
			buildConfigurationList = FAB5921125D7EA520001B1F9 /* Build configuration list for PBXNativeTarget "LatvianNews" */;
			buildPhases = (
				FAB591F925D7EA500001B1F9 /* Sources */,
				FAB591FA25D7EA500001B1F9 /* Frameworks */,
				FAB591FB25D7EA500001B1F9 /* Resources */,
			);
			buildRules = (
			);
			dependencies = (
			);
			name = LatvianNews;
			packageProductDependencies = (
				FAB5922225D7EE1B0001B1F9 /* Gloss */,
			);
			productName = LatvianNews;
			productReference = FAB591FD25D7EA500001B1F9 /* LatvianNews.app */;
			productType = "com.apple.product-type.application";
		};
/* End PBXNativeTarget section */

/* Begin PBXProject section */
		FAB591F525D7EA500001B1F9 /* Project object */ = {
			isa = PBXProject;
			attributes = {
				LastSwiftUpdateCheck = 1230;
				LastUpgradeCheck = 1230;
				TargetAttributes = {
					FAB591FC25D7EA500001B1F9 = {
						CreatedOnToolsVersion = 12.3;
					};
				};
			};
			buildConfigurationList = FAB591F825D7EA500001B1F9 /* Build configuration list for PBXProject "LatvianNews" */;
			compatibilityVersion = "Xcode 9.3";
			developmentRegion = en;
			hasScannedForEncodings = 0;
			knownRegions = (
				en,
				Base,
			);
			mainGroup = FAB591F425D7EA500001B1F9;
			packageReferences = (
				FAB5922125D7EE1B0001B1F9 /* XCRemoteSwiftPackageReference "Gloss" */,
			);
			productRefGroup = FAB591FE25D7EA500001B1F9 /* Products */;
			projectDirPath = "";
			projectRoot = "";
			targets = (
				FAB591FC25D7EA500001B1F9 /* LatvianNews */,
			);
		};
/* End PBXProject section */

/* Begin PBXResourcesBuildPhase section */
		FAB591FB25D7EA500001B1F9 /* Resources */ = {
			isa = PBXResourcesBuildPhase;
			buildActionMask = 2147483647;
			files = (
				FAB5920D25D7EA520001B1F9 /* LaunchScreen.storyboard in Resources */,
				FAB5920A25D7EA520001B1F9 /* Assets.xcassets in Resources */,
				FAB5920825D7EA500001B1F9 /* Main.storyboard in Resources */,
			);
			runOnlyForDeploymentPostprocessing = 0;
		};
/* End PBXResourcesBuildPhase section */

/* Begin PBXSourcesBuildPhase section */
		FAB591F925D7EA500001B1F9 /* Sources */ = {
			isa = PBXSourcesBuildPhase;
			buildActionMask = 2147483647;
			files = (
				FAB5920525D7EA500001B1F9 /* NewsFeedViewController.swift in Sources */,
				FAB5920125D7EA500001B1F9 /* AppDelegate.swift in Sources */,
				FAB5920325D7EA500001B1F9 /* SceneDelegate.swift in Sources */,
				FAB5921F25D7ED420001B1F9 /* WebViewController.swift in Sources */,
				FAB5922725D7EF1F0001B1F9 /* Item.swift in Sources */,
				FAB5921C25D7ED370001B1F9 /* DetailViewController.swift in Sources */,
			);
			runOnlyForDeploymentPostprocessing = 0;
		};
/* End PBXSourcesBuildPhase section */

/* Begin PBXVariantGroup section */
		FAB5920625D7EA500001B1F9 /* Main.storyboard */ = {
			isa = PBXVariantGroup;
			children = (
				FAB5920725D7EA500001B1F9 /* Base */,
			);
			name = Main.storyboard;
			sourceTree = "<group>";
		};
		FAB5920B25D7EA520001B1F9 /* LaunchScreen.storyboard */ = {
			isa = PBXVariantGroup;
			children = (
				FAB5920C25D7EA520001B1F9 /* Base */,
			);
			name = LaunchScreen.storyboard;
			sourceTree = "<group>";
		};
/* End PBXVariantGroup section */

/* Begin XCBuildConfiguration section */
		FAB5920F25D7EA520001B1F9 /* Debug */ = {
			isa = XCBuildConfiguration;
			buildSettings = {
				ALWAYS_SEARCH_USER_PATHS = NO;
				CLANG_ANALYZER_NONNULL = YES;
				CLANG_ANALYZER_NUMBER_OBJECT_CONVERSION = YES_AGGRESSIVE;
				CLANG_CXX_LANGUAGE_STANDARD = "gnu++14";
				CLANG_CXX_LIBRARY = "libc++";
				CLANG_ENABLE_MODULES = YES;
				CLANG_ENABLE_OBJC_ARC = YES;
				CLANG_ENABLE_OBJC_WEAK = YES;
				CLANG_WARN_BLOCK_CAPTURE_AUTORELEASING = YES;
				CLANG_WARN_BOOL_CONVERSION = YES;
				CLANG_WARN_COMMA = YES;
				CLANG_WARN_CONSTANT_CONVERSION = YES;
				CLANG_WARN_DEPRECATED_OBJC_IMPLEMENTATIONS = YES;
				CLANG_WARN_DIRECT_OBJC_ISA_USAGE = YES_ERROR;
				CLANG_WARN_DOCUMENTATION_COMMENTS = YES;
				CLANG_WARN_EMPTY_BODY = YES;
				CLANG_WARN_ENUM_CONVERSION = YES;
				CLANG_WARN_INFINITE_RECURSION = YES;
				CLANG_WARN_INT_CONVERSION = YES;
				CLANG_WARN_NON_LITERAL_NULL_CONVERSION = YES;
				CLANG_WARN_OBJC_IMPLICIT_RETAIN_SELF = YES;
				CLANG_WARN_OBJC_LITERAL_CONVERSION = YES;
				CLANG_WARN_OBJC_ROOT_CLASS = YES_ERROR;
				CLANG_WARN_QUOTED_INCLUDE_IN_FRAMEWORK_HEADER = YES;
				CLANG_WARN_RANGE_LOOP_ANALYSIS = YES;
				CLANG_WARN_STRICT_PROTOTYPES = YES;
				CLANG_WARN_SUSPICIOUS_MOVE = YES;
				CLANG_WARN_UNGUARDED_AVAILABILITY = YES_AGGRESSIVE;
				CLANG_WARN_UNREACHABLE_CODE = YES;
				CLANG_WARN__DUPLICATE_METHOD_MATCH = YES;
				COPY_PHASE_STRIP = NO;
				DEBUG_INFORMATION_FORMAT = dwarf;
				ENABLE_STRICT_OBJC_MSGSEND = YES;
				ENABLE_TESTABILITY = YES;
				GCC_C_LANGUAGE_STANDARD = gnu11;
				GCC_DYNAMIC_NO_PIC = NO;
				GCC_NO_COMMON_BLOCKS = YES;
				GCC_OPTIMIZATION_LEVEL = 0;
				GCC_PREPROCESSOR_DEFINITIONS = (
					"DEBUG=1",
					"$(inherited)",
				);
				GCC_WARN_64_TO_32_BIT_CONVERSION = YES;
				GCC_WARN_ABOUT_RETURN_TYPE = YES_ERROR;
				GCC_WARN_UNDECLARED_SELECTOR = YES;
				GCC_WARN_UNINITIALIZED_AUTOS = YES_AGGRESSIVE;
				GCC_WARN_UNUSED_FUNCTION = YES;
				GCC_WARN_UNUSED_VARIABLE = YES;
				IPHONEOS_DEPLOYMENT_TARGET = 14.3;
				MTL_ENABLE_DEBUG_INFO = INCLUDE_SOURCE;
				MTL_FAST_MATH = YES;
				ONLY_ACTIVE_ARCH = YES;
				SDKROOT = iphoneos;
				SWIFT_ACTIVE_COMPILATION_CONDITIONS = DEBUG;
				SWIFT_OPTIMIZATION_LEVEL = "-Onone";
			};
			name = Debug;
		};
		FAB5921025D7EA520001B1F9 /* Release */ = {
			isa = XCBuildConfiguration;
			buildSettings = {
				ALWAYS_SEARCH_USER_PATHS = NO;
				CLANG_ANALYZER_NONNULL = YES;
				CLANG_ANALYZER_NUMBER_OBJECT_CONVERSION = YES_AGGRESSIVE;
				CLANG_CXX_LANGUAGE_STANDARD = "gnu++14";
				CLANG_CXX_LIBRARY = "libc++";
				CLANG_ENABLE_MODULES = YES;
				CLANG_ENABLE_OBJC_ARC = YES;
				CLANG_ENABLE_OBJC_WEAK = YES;
				CLANG_WARN_BLOCK_CAPTURE_AUTORELEASING = YES;
				CLANG_WARN_BOOL_CONVERSION = YES;
				CLANG_WARN_COMMA = YES;
				CLANG_WARN_CONSTANT_CONVERSION = YES;
				CLANG_WARN_DEPRECATED_OBJC_IMPLEMENTATIONS = YES;
				CLANG_WARN_DIRECT_OBJC_ISA_USAGE = YES_ERROR;
				CLANG_WARN_DOCUMENTATION_COMMENTS = YES;
				CLANG_WARN_EMPTY_BODY = YES;
				CLANG_WARN_ENUM_CONVERSION = YES;
				CLANG_WARN_INFINITE_RECURSION = YES;
				CLANG_WARN_INT_CONVERSION = YES;
				CLANG_WARN_NON_LITERAL_NULL_CONVERSION = YES;
				CLANG_WARN_OBJC_IMPLICIT_RETAIN_SELF = YES;
				CLANG_WARN_OBJC_LITERAL_CONVERSION = YES;
				CLANG_WARN_OBJC_ROOT_CLASS = YES_ERROR;
				CLANG_WARN_QUOTED_INCLUDE_IN_FRAMEWORK_HEADER = YES;
				CLANG_WARN_RANGE_LOOP_ANALYSIS = YES;
				CLANG_WARN_STRICT_PROTOTYPES = YES;
				CLANG_WARN_SUSPICIOUS_MOVE = YES;
				CLANG_WARN_UNGUARDED_AVAILABILITY = YES_AGGRESSIVE;
				CLANG_WARN_UNREACHABLE_CODE = YES;
				CLANG_WARN__DUPLICATE_METHOD_MATCH = YES;
				COPY_PHASE_STRIP = NO;
				DEBUG_INFORMATION_FORMAT = "dwarf-with-dsym";
				ENABLE_NS_ASSERTIONS = NO;
				ENABLE_STRICT_OBJC_MSGSEND = YES;
				GCC_C_LANGUAGE_STANDARD = gnu11;
				GCC_NO_COMMON_BLOCKS = YES;
				GCC_WARN_64_TO_32_BIT_CONVERSION = YES;
				GCC_WARN_ABOUT_RETURN_TYPE = YES_ERROR;
				GCC_WARN_UNDECLARED_SELECTOR = YES;
				GCC_WARN_UNINITIALIZED_AUTOS = YES_AGGRESSIVE;
				GCC_WARN_UNUSED_FUNCTION = YES;
				GCC_WARN_UNUSED_VARIABLE = YES;
				IPHONEOS_DEPLOYMENT_TARGET = 14.3;
				MTL_ENABLE_DEBUG_INFO = NO;
				MTL_FAST_MATH = YES;
				SDKROOT = iphoneos;
				SWIFT_COMPILATION_MODE = wholemodule;
				SWIFT_OPTIMIZATION_LEVEL = "-O";
				VALIDATE_PRODUCT = YES;
			};
			name = Release;
		};
		FAB5921225D7EA520001B1F9 /* Debug */ = {
			isa = XCBuildConfiguration;
			buildSettings = {
				ASSETCATALOG_COMPILER_APPICON_NAME = AppIcon;
				ASSETCATALOG_COMPILER_GLOBAL_ACCENT_COLOR_NAME = AccentColor;
				CODE_SIGN_STYLE = Automatic;
				INFOPLIST_FILE = LatvianNews/Info.plist;
				LD_RUNPATH_SEARCH_PATHS = (
					"$(inherited)",
					"@executable_path/Frameworks",
				);
				PRODUCT_BUNDLE_IDENTIFIER = accenture.iosbootcampApp2.LatvianNews;
				PRODUCT_NAME = "$(TARGET_NAME)";
				SWIFT_VERSION = 5.0;
				TARGETED_DEVICE_FAMILY = "1,2";
			};
			name = Debug;
		};
		FAB5921325D7EA520001B1F9 /* Release */ = {
			isa = XCBuildConfiguration;
			buildSettings = {
				ASSETCATALOG_COMPILER_APPICON_NAME = AppIcon;
				ASSETCATALOG_COMPILER_GLOBAL_ACCENT_COLOR_NAME = AccentColor;
				CODE_SIGN_STYLE = Automatic;
				INFOPLIST_FILE = LatvianNews/Info.plist;
				LD_RUNPATH_SEARCH_PATHS = (
					"$(inherited)",
					"@executable_path/Frameworks",
				);
				PRODUCT_BUNDLE_IDENTIFIER = accenture.iosbootcampApp2.LatvianNews;
				PRODUCT_NAME = "$(TARGET_NAME)";
				SWIFT_VERSION = 5.0;
				TARGETED_DEVICE_FAMILY = "1,2";
			};
			name = Release;
		};
/* End XCBuildConfiguration section */

/* Begin XCConfigurationList section */
		FAB591F825D7EA500001B1F9 /* Build configuration list for PBXProject "LatvianNews" */ = {
			isa = XCConfigurationList;
			buildConfigurations = (
				FAB5920F25D7EA520001B1F9 /* Debug */,
				FAB5921025D7EA520001B1F9 /* Release */,
			);
			defaultConfigurationIsVisible = 0;
			defaultConfigurationName = Release;
		};
		FAB5921125D7EA520001B1F9 /* Build configuration list for PBXNativeTarget "LatvianNews" */ = {
			isa = XCConfigurationList;
			buildConfigurations = (
				FAB5921225D7EA520001B1F9 /* Debug */,
				FAB5921325D7EA520001B1F9 /* Release */,
			);
			defaultConfigurationIsVisible = 0;
			defaultConfigurationName = Release;
		};
/* End XCConfigurationList section */

/* Begin XCRemoteSwiftPackageReference section */
		FAB5922125D7EE1B0001B1F9 /* XCRemoteSwiftPackageReference "Gloss" */ = {
			isa = XCRemoteSwiftPackageReference;
			repositoryURL = "https://github.com/hkellaway/Gloss.git";
			requirement = {
				kind = upToNextMajorVersion;
				minimumVersion = 3.2.1;
			};
		};
/* End XCRemoteSwiftPackageReference section */

/* Begin XCSwiftPackageProductDependency section */
		FAB5922225D7EE1B0001B1F9 /* Gloss */ = {
			isa = XCSwiftPackageProductDependency;
			package = FAB5922125D7EE1B0001B1F9 /* XCRemoteSwiftPackageReference "Gloss" */;
			productName = Gloss;
		};
/* End XCSwiftPackageProductDependency section */
	};
	rootObject = FAB591F525D7EA500001B1F9 /* Project object */;
}
